// !$*UTF8*$!
{
	archiveVersion = 1;
	classes = {
	};
	objectVersion = 50;
	objects = {

/* Begin PBXBuildFile section */
		445DCD6A2398D12800425B28 /* ClassListTableViewController.swift in Sources */ = {isa = PBXBuildFile; fileRef = 445DCD692398D12800425B28 /* ClassListTableViewController.swift */; };
		445DCD6C2398D13800425B28 /* SpellListTableViewController.swift in Sources */ = {isa = PBXBuildFile; fileRef = 445DCD6B2398D13800425B28 /* SpellListTableViewController.swift */; };
		445DCD6E2398D14600425B28 /* ClassDetailTableViewController.swift in Sources */ = {isa = PBXBuildFile; fileRef = 445DCD6D2398D14600425B28 /* ClassDetailTableViewController.swift */; };
		445DCD702398D16000425B28 /* SpellDetailViewController.swift in Sources */ = {isa = PBXBuildFile; fileRef = 445DCD6F2398D16000425B28 /* SpellDetailViewController.swift */; };
		44BD6D8D2398B3B600805525 /* AppDelegate.swift in Sources */ = {isa = PBXBuildFile; fileRef = 44BD6D8C2398B3B600805525 /* AppDelegate.swift */; };
		44BD6D8F2398B3B600805525 /* SceneDelegate.swift in Sources */ = {isa = PBXBuildFile; fileRef = 44BD6D8E2398B3B600805525 /* SceneDelegate.swift */; };
		44BD6D942398B3B600805525 /* Main.storyboard in Resources */ = {isa = PBXBuildFile; fileRef = 44BD6D922398B3B600805525 /* Main.storyboard */; };
		44BD6D962398B3B700805525 /* Assets.xcassets in Resources */ = {isa = PBXBuildFile; fileRef = 44BD6D952398B3B700805525 /* Assets.xcassets */; };
		44BD6D992398B3B700805525 /* LaunchScreen.storyboard in Resources */ = {isa = PBXBuildFile; fileRef = 44BD6D972398B3B700805525 /* LaunchScreen.storyboard */; };
/* End PBXBuildFile section */

/* Begin PBXFileReference section */
		445DCD692398D12800425B28 /* ClassListTableViewController.swift */ = {isa = PBXFileReference; lastKnownFileType = sourcecode.swift; path = ClassListTableViewController.swift; sourceTree = "<group>"; };
		445DCD6B2398D13800425B28 /* SpellListTableViewController.swift */ = {isa = PBXFileReference; lastKnownFileType = sourcecode.swift; path = SpellListTableViewController.swift; sourceTree = "<group>"; };
		445DCD6D2398D14600425B28 /* ClassDetailTableViewController.swift */ = {isa = PBXFileReference; lastKnownFileType = sourcecode.swift; path = ClassDetailTableViewController.swift; sourceTree = "<group>"; };
		445DCD6F2398D16000425B28 /* SpellDetailViewController.swift */ = {isa = PBXFileReference; lastKnownFileType = sourcecode.swift; path = SpellDetailViewController.swift; sourceTree = "<group>"; };
		4463D1DD2398BBDD000FD4DA /* DND Reference-Bridging-Header.h */ = {isa = PBXFileReference; lastKnownFileType = sourcecode.c.h; path = "DND Reference-Bridging-Header.h"; sourceTree = "<group>"; };
		44BD6D892398B3B600805525 /* D&D Reference.app */ = {isa = PBXFileReference; explicitFileType = wrapper.application; includeInIndex = 0; path = "D&D Reference.app"; sourceTree = BUILT_PRODUCTS_DIR; };
		44BD6D8C2398B3B600805525 /* AppDelegate.swift */ = {isa = PBXFileReference; lastKnownFileType = sourcecode.swift; path = AppDelegate.swift; sourceTree = "<group>"; };
		44BD6D8E2398B3B600805525 /* SceneDelegate.swift */ = {isa = PBXFileReference; lastKnownFileType = sourcecode.swift; path = SceneDelegate.swift; sourceTree = "<group>"; };
		44BD6D932398B3B600805525 /* Base */ = {isa = PBXFileReference; lastKnownFileType = file.storyboard; name = Base; path = Base.lproj/Main.storyboard; sourceTree = "<group>"; };
		44BD6D952398B3B700805525 /* Assets.xcassets */ = {isa = PBXFileReference; lastKnownFileType = folder.assetcatalog; path = Assets.xcassets; sourceTree = "<group>"; };
		44BD6D982398B3B700805525 /* Base */ = {isa = PBXFileReference; lastKnownFileType = file.storyboard; name = Base; path = Base.lproj/LaunchScreen.storyboard; sourceTree = "<group>"; };
		44BD6D9A2398B3B700805525 /* Info.plist */ = {isa = PBXFileReference; lastKnownFileType = text.plist.xml; path = Info.plist; sourceTree = "<group>"; };
/* End PBXFileReference section */

/* Begin PBXFrameworksBuildPhase section */
		44BD6D862398B3B600805525 /* Frameworks */ = {
			isa = PBXFrameworksBuildPhase;
			buildActionMask = 2147483647;
			files = (
			);
			runOnlyForDeploymentPostprocessing = 0;
		};
/* End PBXFrameworksBuildPhase section */

/* Begin PBXGroup section */
		44BD6D802398B3B600805525 = {
			isa = PBXGroup;
			children = (
				44BD6D8B2398B3B600805525 /* DND Reference */,
				44BD6D8A2398B3B600805525 /* Products */,
			);
			sourceTree = "<group>";
		};
		44BD6D8A2398B3B600805525 /* Products */ = {
			isa = PBXGroup;
			children = (
				44BD6D892398B3B600805525 /* D&D Reference.app */,
			);
			name = Products;
			sourceTree = "<group>";
		};
		44BD6D8B2398B3B600805525 /* DND Reference */ = {
			isa = PBXGroup;
			children = (
				44BD6DA02398B3CF00805525 /* View Controllers */,
				44BD6D922398B3B600805525 /* Main.storyboard */,
				44BD6DA12398B3ED00805525 /* Resources */,
			);
			path = "DND Reference";
			sourceTree = "<group>";
		};
		44BD6DA02398B3CF00805525 /* View Controllers */ = {
			isa = PBXGroup;
			children = (
				445DCD692398D12800425B28 /* ClassListTableViewController.swift */,
				445DCD6D2398D14600425B28 /* ClassDetailTableViewController.swift */,
				445DCD6B2398D13800425B28 /* SpellListTableViewController.swift */,
				445DCD6F2398D16000425B28 /* SpellDetailViewController.swift */,
			);
			path = "View Controllers";
			sourceTree = "<group>";
		};
		44BD6DA12398B3ED00805525 /* Resources */ = {
			isa = PBXGroup;
			children = (
				44BD6D8C2398B3B600805525 /* AppDelegate.swift */,
				44BD6D8E2398B3B600805525 /* SceneDelegate.swift */,
				4463D1DD2398BBDD000FD4DA /* DND Reference-Bridging-Header.h */,
				44BD6D952398B3B700805525 /* Assets.xcassets */,
				44BD6D972398B3B700805525 /* LaunchScreen.storyboard */,
				44BD6D9A2398B3B700805525 /* Info.plist */,
			);
			path = Resources;
			sourceTree = "<group>";
		};
/* End PBXGroup section */

/* Begin PBXNativeTarget section */
		44BD6D882398B3B600805525 /* DND Reference */ = {
			isa = PBXNativeTarget;
			buildConfigurationList = 44BD6D9D2398B3B700805525 /* Build configuration list for PBXNativeTarget "DND Reference" */;
			buildPhases = (
				44BD6D852398B3B600805525 /* Sources */,
				44BD6D862398B3B600805525 /* Frameworks */,
				44BD6D872398B3B600805525 /* Resources */,
			);
			buildRules = (
			);
			dependencies = (
			);
			name = "DND Reference";
			productName = "DND Reference";
			productReference = 44BD6D892398B3B600805525 /* D&D Reference.app */;
			productType = "com.apple.product-type.application";
		};
/* End PBXNativeTarget section */

/* Begin PBXProject section */
		44BD6D812398B3B600805525 /* Project object */ = {
			isa = PBXProject;
			attributes = {
				CLASSPREFIX = LRE;
				LastSwiftUpdateCheck = 1120;
				LastUpgradeCheck = 1120;
				ORGANIZATIONNAME = "Convenient Code, LLC";
				TargetAttributes = {
					44BD6D882398B3B600805525 = {
						CreatedOnToolsVersion = 11.2.1;
						LastSwiftMigration = 1120;
					};
				};
			};
			buildConfigurationList = 44BD6D842398B3B600805525 /* Build configuration list for PBXProject "DND Reference" */;
			compatibilityVersion = "Xcode 9.3";
			developmentRegion = en;
			hasScannedForEncodings = 0;
			knownRegions = (
				en,
				Base,
			);
			mainGroup = 44BD6D802398B3B600805525;
			productRefGroup = 44BD6D8A2398B3B600805525 /* Products */;
			projectDirPath = "";
			projectRoot = "";
			targets = (
				44BD6D882398B3B600805525 /* DND Reference */,
			);
		};
/* End PBXProject section */

/* Begin PBXResourcesBuildPhase section */
		44BD6D872398B3B600805525 /* Resources */ = {
			isa = PBXResourcesBuildPhase;
			buildActionMask = 2147483647;
			files = (
				44BD6D992398B3B700805525 /* LaunchScreen.storyboard in Resources */,
				44BD6D962398B3B700805525 /* Assets.xcassets in Resources */,
				44BD6D942398B3B600805525 /* Main.storyboard in Resources */,
			);
			runOnlyForDeploymentPostprocessing = 0;
		};
/* End PBXResourcesBuildPhase section */

/* Begin PBXSourcesBuildPhase section */
		44BD6D852398B3B600805525 /* Sources */ = {
			isa = PBXSourcesBuildPhase;
			buildActionMask = 2147483647;
			files = (
				44BD6D8D2398B3B600805525 /* AppDelegate.swift in Sources */,
				445DCD6E2398D14600425B28 /* ClassDetailTableViewController.swift in Sources */,
				445DCD702398D16000425B28 /* SpellDetailViewController.swift in Sources */,
				445DCD6C2398D13800425B28 /* SpellListTableViewController.swift in Sources */,
				445DCD6A2398D12800425B28 /* ClassListTableViewController.swift in Sources */,
				44BD6D8F2398B3B600805525 /* SceneDelegate.swift in Sources */,
			);
			runOnlyForDeploymentPostprocessing = 0;
		};
/* End PBXSourcesBuildPhase section */

/* Begin PBXVariantGroup section */
		44BD6D922398B3B600805525 /* Main.storyboard */ = {
			isa = PBXVariantGroup;
			children = (
				44BD6D932398B3B600805525 /* Base */,
			);
			name = Main.storyboard;
			sourceTree = "<group>";
		};
		44BD6D972398B3B700805525 /* LaunchScreen.storyboard */ = {
			isa = PBXVariantGroup;
			children = (
				44BD6D982398B3B700805525 /* Base */,
			);
			name = LaunchScreen.storyboard;
			sourceTree = "<group>";
		};
/* End PBXVariantGroup section */

/* Begin XCBuildConfiguration section */
		44BD6D9B2398B3B700805525 /* Debug */ = {
			isa = XCBuildConfiguration;
			buildSettings = {
				ALWAYS_SEARCH_USER_PATHS = NO;
				CLANG_ANALYZER_NONNULL = YES;
				CLANG_ANALYZER_NUMBER_OBJECT_CONVERSION = YES_AGGRESSIVE;
				CLANG_CXX_LANGUAGE_STANDARD = "gnu++14";
				CLANG_CXX_LIBRARY = "libc++";
				CLANG_ENABLE_MODULES = YES;
				CLANG_ENABLE_OBJC_ARC = YES;
				CLANG_ENABLE_OBJC_WEAK = YES;
				CLANG_WARN_BLOCK_CAPTURE_AUTORELEASING = YES;
				CLANG_WARN_BOOL_CONVERSION = YES;
				CLANG_WARN_COMMA = YES;
				CLANG_WARN_CONSTANT_CONVERSION = YES;
				CLANG_WARN_DEPRECATED_OBJC_IMPLEMENTATIONS = YES;
				CLANG_WARN_DIRECT_OBJC_ISA_USAGE = YES_ERROR;
				CLANG_WARN_DOCUMENTATION_COMMENTS = YES;
				CLANG_WARN_EMPTY_BODY = YES;
				CLANG_WARN_ENUM_CONVERSION = YES;
				CLANG_WARN_INFINITE_RECURSION = YES;
				CLANG_WARN_INT_CONVERSION = YES;
				CLANG_WARN_NON_LITERAL_NULL_CONVERSION = YES;
				CLANG_WARN_OBJC_IMPLICIT_RETAIN_SELF = YES;
				CLANG_WARN_OBJC_LITERAL_CONVERSION = YES;
				CLANG_WARN_OBJC_ROOT_CLASS = YES_ERROR;
				CLANG_WARN_RANGE_LOOP_ANALYSIS = YES;
				CLANG_WARN_STRICT_PROTOTYPES = YES;
				CLANG_WARN_SUSPICIOUS_MOVE = YES;
				CLANG_WARN_UNGUARDED_AVAILABILITY = YES_AGGRESSIVE;
				CLANG_WARN_UNREACHABLE_CODE = YES;
				CLANG_WARN__DUPLICATE_METHOD_MATCH = YES;
				COPY_PHASE_STRIP = NO;
				DEBUG_INFORMATION_FORMAT = dwarf;
				ENABLE_STRICT_OBJC_MSGSEND = YES;
				ENABLE_TESTABILITY = YES;
				GCC_C_LANGUAGE_STANDARD = gnu11;
				GCC_DYNAMIC_NO_PIC = NO;
				GCC_NO_COMMON_BLOCKS = YES;
				GCC_OPTIMIZATION_LEVEL = 0;
				GCC_PREPROCESSOR_DEFINITIONS = (
					"DEBUG=1",
					"$(inherited)",
				);
				GCC_WARN_64_TO_32_BIT_CONVERSION = YES;
				GCC_WARN_ABOUT_RETURN_TYPE = YES_ERROR;
				GCC_WARN_UNDECLARED_SELECTOR = YES;
				GCC_WARN_UNINITIALIZED_AUTOS = YES_AGGRESSIVE;
				GCC_WARN_UNUSED_FUNCTION = YES;
				GCC_WARN_UNUSED_VARIABLE = YES;
				IPHONEOS_DEPLOYMENT_TARGET = 13.2;
				MTL_ENABLE_DEBUG_INFO = INCLUDE_SOURCE;
				MTL_FAST_MATH = YES;
				ONLY_ACTIVE_ARCH = YES;
				SDKROOT = iphoneos;
				SWIFT_ACTIVE_COMPILATION_CONDITIONS = DEBUG;
				SWIFT_OPTIMIZATION_LEVEL = "-Onone";
			};
			name = Debug;
		};
		44BD6D9C2398B3B700805525 /* Release */ = {
			isa = XCBuildConfiguration;
			buildSettings = {
				ALWAYS_SEARCH_USER_PATHS = NO;
				CLANG_ANALYZER_NONNULL = YES;
				CLANG_ANALYZER_NUMBER_OBJECT_CONVERSION = YES_AGGRESSIVE;
				CLANG_CXX_LANGUAGE_STANDARD = "gnu++14";
				CLANG_CXX_LIBRARY = "libc++";
				CLANG_ENABLE_MODULES = YES;
				CLANG_ENABLE_OBJC_ARC = YES;
				CLANG_ENABLE_OBJC_WEAK = YES;
				CLANG_WARN_BLOCK_CAPTURE_AUTORELEASING = YES;
				CLANG_WARN_BOOL_CONVERSION = YES;
				CLANG_WARN_COMMA = YES;
				CLANG_WARN_CONSTANT_CONVERSION = YES;
				CLANG_WARN_DEPRECATED_OBJC_IMPLEMENTATIONS = YES;
				CLANG_WARN_DIRECT_OBJC_ISA_USAGE = YES_ERROR;
				CLANG_WARN_DOCUMENTATION_COMMENTS = YES;
				CLANG_WARN_EMPTY_BODY = YES;
				CLANG_WARN_ENUM_CONVERSION = YES;
				CLANG_WARN_INFINITE_RECURSION = YES;
				CLANG_WARN_INT_CONVERSION = YES;
				CLANG_WARN_NON_LITERAL_NULL_CONVERSION = YES;
				CLANG_WARN_OBJC_IMPLICIT_RETAIN_SELF = YES;
				CLANG_WARN_OBJC_LITERAL_CONVERSION = YES;
				CLANG_WARN_OBJC_ROOT_CLASS = YES_ERROR;
				CLANG_WARN_RANGE_LOOP_ANALYSIS = YES;
				CLANG_WARN_STRICT_PROTOTYPES = YES;
				CLANG_WARN_SUSPICIOUS_MOVE = YES;
				CLANG_WARN_UNGUARDED_AVAILABILITY = YES_AGGRESSIVE;
				CLANG_WARN_UNREACHABLE_CODE = YES;
				CLANG_WARN__DUPLICATE_METHOD_MATCH = YES;
				COPY_PHASE_STRIP = NO;
				DEBUG_INFORMATION_FORMAT = "dwarf-with-dsym";
				ENABLE_NS_ASSERTIONS = NO;
				ENABLE_STRICT_OBJC_MSGSEND = YES;
				GCC_C_LANGUAGE_STANDARD = gnu11;
				GCC_NO_COMMON_BLOCKS = YES;
				GCC_WARN_64_TO_32_BIT_CONVERSION = YES;
				GCC_WARN_ABOUT_RETURN_TYPE = YES_ERROR;
				GCC_WARN_UNDECLARED_SELECTOR = YES;
				GCC_WARN_UNINITIALIZED_AUTOS = YES_AGGRESSIVE;
				GCC_WARN_UNUSED_FUNCTION = YES;
				GCC_WARN_UNUSED_VARIABLE = YES;
				IPHONEOS_DEPLOYMENT_TARGET = 13.2;
				MTL_ENABLE_DEBUG_INFO = NO;
				MTL_FAST_MATH = YES;
				SDKROOT = iphoneos;
				SWIFT_COMPILATION_MODE = wholemodule;
				SWIFT_OPTIMIZATION_LEVEL = "-O";
				VALIDATE_PRODUCT = YES;
			};
			name = Release;
		};
		44BD6D9E2398B3B700805525 /* Debug */ = {
			isa = XCBuildConfiguration;
			buildSettings = {
				ASSETCATALOG_COMPILER_APPICON_NAME = AppIcon;
				CLANG_ENABLE_MODULES = YES;
				CODE_SIGN_STYLE = Automatic;
				DEVELOPMENT_TEAM = 6R9933TQJB;
				INFOPLIST_FILE = "$(SRCROOT)/DND Reference/Resources/Info.plist";
				IPHONEOS_DEPLOYMENT_TARGET = 13.0;
				LD_RUNPATH_SEARCH_PATHS = (
					"$(inherited)",
					"@executable_path/Frameworks",
				);
				PRODUCT_BUNDLE_IDENTIFIER = "dev.convenientcode.DND-Reference";
				PRODUCT_NAME = "D&D Reference";
				SWIFT_OBJC_BRIDGING_HEADER = "DND Reference/Resources/DND Reference-Bridging-Header.h";
				SWIFT_OPTIMIZATION_LEVEL = "-Onone";
				SWIFT_VERSION = 5.0;
				TARGETED_DEVICE_FAMILY = 1;
			};
			name = Debug;
		};
		44BD6D9F2398B3B700805525 /* Release */ = {
			isa = XCBuildConfiguration;
			buildSettings = {
				ASSETCATALOG_COMPILER_APPICON_NAME = AppIcon;
				CLANG_ENABLE_MODULES = YES;
				CODE_SIGN_STYLE = Automatic;
				DEVELOPMENT_TEAM = 6R9933TQJB;
				INFOPLIST_FILE = "$(SRCROOT)/DND Reference/Resources/Info.plist";
				IPHONEOS_DEPLOYMENT_TARGET = 13.0;
				LD_RUNPATH_SEARCH_PATHS = (
					"$(inherited)",
					"@executable_path/Frameworks",
				);
				PRODUCT_BUNDLE_IDENTIFIER = "dev.convenientcode.DND-Reference";
				PRODUCT_NAME = "D&D Reference";
				SWIFT_OBJC_BRIDGING_HEADER = "DND Reference/Resources/DND Reference-Bridging-Header.h";
				SWIFT_VERSION = 5.0;
				TARGETED_DEVICE_FAMILY = 1;
			};
			name = Release;
		};
/* End XCBuildConfiguration section */

/* Begin XCConfigurationList section */
		44BD6D842398B3B600805525 /* Build configuration list for PBXProject "DND Reference" */ = {
			isa = XCConfigurationList;
			buildConfigurations = (
				44BD6D9B2398B3B700805525 /* Debug */,
				44BD6D9C2398B3B700805525 /* Release */,
			);
			defaultConfigurationIsVisible = 0;
			defaultConfigurationName = Release;
		};
		44BD6D9D2398B3B700805525 /* Build configuration list for PBXNativeTarget "DND Reference" */ = {
			isa = XCConfigurationList;
			buildConfigurations = (
				44BD6D9E2398B3B700805525 /* Debug */,
				44BD6D9F2398B3B700805525 /* Release */,
			);
			defaultConfigurationIsVisible = 0;
			defaultConfigurationName = Release;
		};
/* End XCConfigurationList section */
	};
	rootObject = 44BD6D812398B3B600805525 /* Project object */;
}
